
Microsoft Visual Studio Solution File, Format Version 12.00
# Visual Studio 2012
Project("{FAE04EC0-301F-11D3-BF4B-00C04F79EFBC}") = "CreateItemCode", "CreateItemCode\CreateItemCode.csproj", "{B32D538B-8C79-4189-AD5E-2FC856944C21}"
EndProject
Global
	GlobalSection(SolutionConfigurationPlatforms) = preSolution
		Debug|Any CPU = Debug|Any CPU
		Release|Any CPU = Release|Any CPU
	EndGlobalSection
	GlobalSection(ProjectConfigurationPlatforms) = postSolution
		{B32D538B-8C79-4189-AD5E-2FC856944C21}.Debug|Any CPU.ActiveCfg = Debug|Any CPU
		{B32D538B-8C79-4189-AD5E-2FC856944C21}.Debug|Any CPU.Build.0 = Debug|Any CPU
		{B32D538B-8C79-4189-AD5E-2FC856944C21}.Release|Any CPU.ActiveCfg = Release|Any CPU
		{B32D538B-8C79-4189-AD5E-2FC856944C21}.Release|Any CPU.Build.0 = Release|Any CPU
	EndGlobalSection
	GlobalSection(SolutionProperties) = preSolution
		HideSolutionNode = FALSE
	EndGlobalSection
EndGlobal
